# This file is automatically @generated by Cargo.
# It is not intended for manual editing.
version = 4

[[package]]
name = "autocfg"
version = "1.5.0"
source = "registry+https://github.com/rust-lang/crates.io-index"
checksum = "c08606f8c3cbf4ce6ec8e28fb0014a2c086708fe954eaa885384a6165172e7e8"

[[package]]
name = "char-classes"
version = "0.3.4"
source = "registry+https://github.com/rust-lang/crates.io-index"
checksum = "8969f0fb9e53f297c70de4328944314e551c8bb3a60d41d4ea30493c74883e5f"
dependencies = [
 "char-classes-proc_macro",
]

[[package]]
name = "char-classes-proc_macro"
version = "0.2.4"
source = "registry+https://github.com/rust-lang/crates.io-index"
checksum = "7b4cd9d1c1b62db8110f659090a28e21ce97475b5153c91d5b1f5a009e37e57a"
dependencies = [
 "litrs",
]

[[package]]
name = "countme"
version = "3.0.1"
source = "registry+https://github.com/rust-lang/crates.io-index"
checksum = "7704b5fdd17b18ae31c4c1da5a2e0305a2bf17b5249300a9ee9ed7b72114c636"

[[package]]
name = "example-json"
version = "0.1.0"
dependencies = [
 "char-classes",
 "peg",
 "rowan",
 "rowan-peg-utils 0.2.0",
]

[[package]]
name = "getopts"
version = "0.2.24"
source = "registry+https://github.com/rust-lang/crates.io-index"
checksum = "cfe4fbac503b8d1f88e6676011885f34b7174f46e59956bba534ba83abded4df"
dependencies = [
 "unicode-width",
]

[[package]]
name = "getopts-macro"
version = "0.1.8"
source = "registry+https://github.com/rust-lang/crates.io-index"
checksum = "574d902f49982e02b8bb5ec04ca2494840babd78d82504e17d4a48e35b076ae5"
dependencies = [
 "getopts",
]

[[package]]
name = "hashbrown"
version = "0.14.5"
source = "registry+https://github.com/rust-lang/crates.io-index"
checksum = "e5274423e17b7c9fc20b6e7e208532f9b19825d82dfd615708b70edd83df41f1"

[[package]]
name = "line-column"
version = "0.2.0"
source = "registry+https://github.com/rust-lang/crates.io-index"
checksum = "efc987c051e0d6842abc34156e8a79ee04a5c1a1d346c7176cad03e69a0304f2"

[[package]]
name = "linked-hash-map"
version = "0.5.6"
source = "registry+https://github.com/rust-lang/crates.io-index"
checksum = "0717cef1bc8b636c6e1c1bbdefc09e6322da8a9321966e8928ef80d20f7f770f"

[[package]]
name = "litrs"
version = "0.5.1"
source = "registry+https://github.com/rust-lang/crates.io-index"
checksum = "1e4cf394bcd88ba72eb3b2862e21ef6458b0e1586654e213b0176e667bb9d19e"

[[package]]
name = "memoffset"
version = "0.9.1"
source = "registry+https://github.com/rust-lang/crates.io-index"
checksum = "488016bfae457b036d996092f6cb448677611ce4449e970ceaf42695203f218a"
dependencies = [
 "autocfg",
]

[[package]]
name = "peg"
version = "0.8.5"
source = "registry+https://github.com/rust-lang/crates.io-index"
checksum = "9928cfca101b36ec5163e70049ee5368a8a1c3c6efc9ca9c5f9cc2f816152477"
dependencies = [
 "peg-macros",
 "peg-runtime",
]

[[package]]
name = "peg-macros"
version = "0.8.5"
source = "registry+https://github.com/rust-lang/crates.io-index"
checksum = "6298ab04c202fa5b5d52ba03269fb7b74550b150323038878fe6c372d8280f71"
dependencies = [
 "peg-runtime",
 "proc-macro2",
 "quote",
]

[[package]]
name = "peg-runtime"
version = "0.8.5"
source = "registry+https://github.com/rust-lang/crates.io-index"
checksum = "132dca9b868d927b35b5dd728167b2dee150eb1ad686008fc71ccb298b776fca"

[[package]]
name = "proc-macro-tool"
version = "0.8.38"
source = "registry+https://github.com/rust-lang/crates.io-index"
checksum = "aa8d188eefbd76bd1756fc369f000a7997b71e0687934a02bb0e14dcc18617f3"

[[package]]
name = "proc-macro2"
version = "1.0.101"
source = "registry+https://github.com/rust-lang/crates.io-index"
checksum = "89ae43fd86e4158d6db51ad8e2b80f313af9cc74f5c0e03ccb87de09998732de"
dependencies = [
 "unicode-ident",
]

[[package]]
name = "quote"
version = "1.0.40"
source = "registry+https://github.com/rust-lang/crates.io-index"
checksum = "1885c039570dc00dcb4ff087a89e185fd56bae234ddc7f056a945bf36467248d"
dependencies = [
 "proc-macro2",
]

[[package]]
name = "rowan"
version = "0.15.17"
source = "registry+https://github.com/rust-lang/crates.io-index"
checksum = "d4f1e4a001f863f41ea8d0e6a0c34b356d5b733db50dadab3efef640bafb779b"
dependencies = [
 "countme",
 "hashbrown",
 "memoffset",
 "rustc-hash",
 "text-size",
]

[[package]]
name = "rowan-peg"
version = "0.2.1"
dependencies = [
 "char-classes",
 "getopts-macro",
 "line-column",
 "linked-hash-map",
 "peg",
 "rowan",
 "rowan-peg-utils 0.2.0 (registry+https://github.com/rust-lang/crates.io-index)",
 "to-true",
 "unicode-ident",
]

[[package]]
name = "rowan-peg-macro"
version = "0.2.1"
dependencies = [
 "litrs",
 "proc-macro-tool",
 "rowan-peg",
]

[[package]]
name = "rowan-peg-utils"
version = "0.2.0"
dependencies = [
 "rowan",
]

[[package]]
name = "rowan-peg-utils"
version = "0.2.0"
source = "registry+https://github.com/rust-lang/crates.io-index"
checksum = "bfb14f882af9b01e842d74dc8394c1096dccdf5c5f156cb3809a966b53a9a6d2"
dependencies = [
 "rowan",
]

[[package]]
name = "rustc-hash"
version = "1.1.0"
source = "registry+https://github.com/rust-lang/crates.io-index"
checksum = "08d43f7aa6b08d49f382cde6a7982047c3426db949b1424bc4b7ec9ae12c6ce2"

[[package]]
name = "simple-kv"
version = "0.1.0"
dependencies = [
 "char-classes",
 "peg",
 "rowan",
 "rowan-peg-macro",
 "rowan-peg-utils 0.2.0",
]

[[package]]
name = "text-size"
version = "1.1.1"
source = "registry+https://github.com/rust-lang/crates.io-index"
checksum = "f18aa187839b2bdb1ad2fa35ead8c4c2976b64e4363c386d45ac0f7ee85c9233"

[[package]]
name = "to-true"
version = "0.1.2"
source = "registry+https://github.com/rust-lang/crates.io-index"
checksum = "5a6b7e835c540dac6a37fc8db384f3e27c515e2536c25a54cbf9fd8ea64fd7a0"

[[package]]
name = "unicode-ident"
version = "1.0.19"
source = "registry+https://github.com/rust-lang/crates.io-index"
checksum = "f63a545481291138910575129486daeaf8ac54aee4387fe7906919f7830c7d9d"

[[package]]
name = "unicode-width"
version = "0.2.1"
source = "registry+https://github.com/rust-lang/crates.io-index"
checksum = "4a1a07cc7db3810833284e8d372ccdc6da29741639ecc70c9ec107df0fa6154c"
